
Microsoft Visual Studio Solution File, Format Version 12.00
# Visual Studio Version 16
VisualStudioVersion = 16.0.30309.148
MinimumVisualStudioVersion = 10.0.40219.1
Project("{FAE04EC0-301F-11D3-BF4B-00C04F79EFBC}") = "Decisions", "Decisions\Decisions.csproj", "{74681680-C831-4B24-90F0-3AEDCB5CB79D}"
EndProject
Global
	GlobalSection(SolutionConfigurationPlatforms) = preSolution
		Debug|Any CPU = Debug|Any CPU
		Release|Any CPU = Release|Any CPU
	EndGlobalSection
	GlobalSection(ProjectConfigurationPlatforms) = postSolution
		{74681680-C831-4B24-90F0-3AEDCB5CB79D}.Debug|Any CPU.ActiveCfg = Debug|Any CPU
		{74681680-C831-4B24-90F0-3AEDCB5CB79D}.Debug|Any CPU.Build.0 = Debug|Any CPU
		{74681680-C831-4B24-90F0-3AEDCB5CB79D}.Release|Any CPU.ActiveCfg = Release|Any CPU
		{74681680-C831-4B24-90F0-3AEDCB5CB79D}.Release|Any CPU.Build.0 = Release|Any CPU
	EndGlobalSection
	GlobalSection(SolutionProperties) = preSolution
		HideSolutionNode = FALSE
	EndGlobalSection
	GlobalSection(ExtensibilityGlobals) = postSolution
		SolutionGuid = {19FF4B54-AD07-4F90-908C-98FBA6FED615}
	EndGlobalSection
EndGlobal
